// !$*UTF8*$!
{
	archiveVersion = 1;
	classes = {
	};
	objectVersion = 46;
	objects = {

/* Begin PBXBuildFile section */
		91E3227E1E40D08F007F350D /* main.cpp in Sources */ = {isa = PBXBuildFile; fileRef = 91E3227D1E40D08F007F350D /* main.cpp */; };
		91E322861E40D0BB007F350D /* Matrice.cpp in Sources */ = {isa = PBXBuildFile; fileRef = 91E322841E40D0BB007F350D /* Matrice.cpp */; };
		91E322891E40D110007F350D /* Edp.cpp in Sources */ = {isa = PBXBuildFile; fileRef = 91E322871E40D110007F350D /* Edp.cpp */; };
		91E3228C1E40D15D007F350D /* BlackScholes.cpp in Sources */ = {isa = PBXBuildFile; fileRef = 91E3228A1E40D15D007F350D /* BlackScholes.cpp */; };
/* End PBXBuildFile section */

/* Begin PBXCopyFilesBuildPhase section */
		91E322781E40D08F007F350D /* CopyFiles */ = {
			isa = PBXCopyFilesBuildPhase;
			buildActionMask = 2147483647;
			dstPath = /usr/share/man/man1/;
			dstSubfolderSpec = 0;
			files = (
			);
			runOnlyForDeploymentPostprocessing = 1;
		};
/* End PBXCopyFilesBuildPhase section */

/* Begin PBXFileReference section */
		91E3227A1E40D08F007F350D /* Projet c++ David&Zacharie */ = {isa = PBXFileReference; explicitFileType = "compiled.mach-o.executable"; includeInIndex = 0; path = "Projet c++ David&Zacharie"; sourceTree = BUILT_PRODUCTS_DIR; };
		91E3227D1E40D08F007F350D /* main.cpp */ = {isa = PBXFileReference; lastKnownFileType = sourcecode.cpp.cpp; path = main.cpp; sourceTree = "<group>"; };
		91E322841E40D0BB007F350D /* Matrice.cpp */ = {isa = PBXFileReference; fileEncoding = 4; lastKnownFileType = sourcecode.cpp.cpp; path = Matrice.cpp; sourceTree = "<group>"; };
		91E322851E40D0BB007F350D /* Matrice.hpp */ = {isa = PBXFileReference; fileEncoding = 4; lastKnownFileType = sourcecode.cpp.h; path = Matrice.hpp; sourceTree = "<group>"; };
		91E322871E40D110007F350D /* Edp.cpp */ = {isa = PBXFileReference; fileEncoding = 4; lastKnownFileType = sourcecode.cpp.cpp; path = Edp.cpp; sourceTree = "<group>"; };
		91E322881E40D110007F350D /* Edp.hpp */ = {isa = PBXFileReference; fileEncoding = 4; lastKnownFileType = sourcecode.cpp.h; path = Edp.hpp; sourceTree = "<group>"; };
		91E3228A1E40D15D007F350D /* BlackScholes.cpp */ = {isa = PBXFileReference; fileEncoding = 4; lastKnownFileType = sourcecode.cpp.cpp; path = BlackScholes.cpp; sourceTree = "<group>"; };
		91E3228B1E40D15D007F350D /* BlackScholes.hpp */ = {isa = PBXFileReference; fileEncoding = 4; lastKnownFileType = sourcecode.cpp.h; path = BlackScholes.hpp; sourceTree = "<group>"; };
/* End PBXFileReference section */

/* Begin PBXFrameworksBuildPhase section */
		91E322771E40D08F007F350D /* Frameworks */ = {
			isa = PBXFrameworksBuildPhase;
			buildActionMask = 2147483647;
			files = (
			);
			runOnlyForDeploymentPostprocessing = 0;
		};
/* End PBXFrameworksBuildPhase section */

/* Begin PBXGroup section */
		91E322711E40D08F007F350D = {
			isa = PBXGroup;
			children = (
				91E3227C1E40D08F007F350D /* Projet c++ David&Zacharie */,
				91E3227B1E40D08F007F350D /* Products */,
			);
			sourceTree = "<group>";
		};
		91E3227B1E40D08F007F350D /* Products */ = {
			isa = PBXGroup;
			children = (
				91E3227A1E40D08F007F350D /* Projet c++ David&Zacharie */,
			);
			name = Products;
			sourceTree = "<group>";
		};
		91E3227C1E40D08F007F350D /* Projet c++ David&Zacharie */ = {
			isa = PBXGroup;
			children = (
				91E3227D1E40D08F007F350D /* main.cpp */,
				91E3228A1E40D15D007F350D /* BlackScholes.cpp */,
				91E3228B1E40D15D007F350D /* BlackScholes.hpp */,
				91E322871E40D110007F350D /* Edp.cpp */,
				91E322881E40D110007F350D /* Edp.hpp */,
				91E322841E40D0BB007F350D /* Matrice.cpp */,
				91E322851E40D0BB007F350D /* Matrice.hpp */,
			);
			path = "Projet c++ David&Zacharie";
			sourceTree = "<group>";
		};
/* End PBXGroup section */

/* Begin PBXNativeTarget section */
		91E322791E40D08F007F350D /* Projet c++ David&Zacharie */ = {
			isa = PBXNativeTarget;
			buildConfigurationList = 91E322811E40D08F007F350D /* Build configuration list for PBXNativeTarget "Projet c++ David&Zacharie" */;
			buildPhases = (
				91E322761E40D08F007F350D /* Sources */,
				91E322771E40D08F007F350D /* Frameworks */,
				91E322781E40D08F007F350D /* CopyFiles */,
			);
			buildRules = (
			);
			dependencies = (
			);
			name = "Projet c++ David&Zacharie";
			productName = "Projet c++ David&Zacharie";
			productReference = 91E3227A1E40D08F007F350D /* Projet c++ David&Zacharie */;
			productType = "com.apple.product-type.tool";
		};
/* End PBXNativeTarget section */

/* Begin PBXProject section */
		91E322721E40D08F007F350D /* Project object */ = {
			isa = PBXProject;
			attributes = {
				LastUpgradeCheck = 0800;
				ORGANIZATIONNAME = "David Laloum";
				TargetAttributes = {
					91E322791E40D08F007F350D = {
						CreatedOnToolsVersion = 8.0;
						ProvisioningStyle = Automatic;
					};
				};
			};
			buildConfigurationList = 91E322751E40D08F007F350D /* Build configuration list for PBXProject "Projet c++ David&Zacharie" */;
			compatibilityVersion = "Xcode 3.2";
			developmentRegion = English;
			hasScannedForEncodings = 0;
			knownRegions = (
				en,
			);
			mainGroup = 91E322711E40D08F007F350D;
			productRefGroup = 91E3227B1E40D08F007F350D /* Products */;
			projectDirPath = "";
			projectRoot = "";
			targets = (
				91E322791E40D08F007F350D /* Projet c++ David&Zacharie */,
			);
		};
/* End PBXProject section */

/* Begin PBXSourcesBuildPhase section */
		91E322761E40D08F007F350D /* Sources */ = {
			isa = PBXSourcesBuildPhase;
			buildActionMask = 2147483647;
			files = (
				91E322891E40D110007F350D /* Edp.cpp in Sources */,
				91E3227E1E40D08F007F350D /* main.cpp in Sources */,
				91E322861E40D0BB007F350D /* Matrice.cpp in Sources */,
				91E3228C1E40D15D007F350D /* BlackScholes.cpp in Sources */,
			);
			runOnlyForDeploymentPostprocessing = 0;
		};
/* End PBXSourcesBuildPhase section */

/* Begin XCBuildConfiguration section */
		91E3227F1E40D08F007F350D /* Debug */ = {
			isa = XCBuildConfiguration;
			buildSettings = {
				ALWAYS_SEARCH_USER_PATHS = NO;
				CLANG_ANALYZER_NONNULL = YES;
				CLANG_CXX_LANGUAGE_STANDARD = "gnu++0x";
				CLANG_CXX_LIBRARY = "libc++";
				CLANG_ENABLE_MODULES = YES;
				CLANG_ENABLE_OBJC_ARC = YES;
				CLANG_WARN_BOOL_CONVERSION = YES;
				CLANG_WARN_CONSTANT_CONVERSION = YES;
				CLANG_WARN_DIRECT_OBJC_ISA_USAGE = YES_ERROR;
				CLANG_WARN_DOCUMENTATION_COMMENTS = YES;
				CLANG_WARN_EMPTY_BODY = YES;
				CLANG_WARN_ENUM_CONVERSION = YES;
				CLANG_WARN_INFINITE_RECURSION = YES;
				CLANG_WARN_INT_CONVERSION = YES;
				CLANG_WARN_OBJC_ROOT_CLASS = YES_ERROR;
				CLANG_WARN_SUSPICIOUS_MOVES = YES;
				CLANG_WARN_UNREACHABLE_CODE = YES;
				CLANG_WARN__DUPLICATE_METHOD_MATCH = YES;
				CODE_SIGN_IDENTITY = "-";
				COPY_PHASE_STRIP = NO;
				DEBUG_INFORMATION_FORMAT = dwarf;
				ENABLE_STRICT_OBJC_MSGSEND = YES;
				ENABLE_TESTABILITY = YES;
				GCC_C_LANGUAGE_STANDARD = gnu99;
				GCC_DYNAMIC_NO_PIC = NO;
				GCC_NO_COMMON_BLOCKS = YES;
				GCC_OPTIMIZATION_LEVEL = 0;
				GCC_PREPROCESSOR_DEFINITIONS = (
					"DEBUG=1",
					"$(inherited)",
				);
				GCC_WARN_64_TO_32_BIT_CONVERSION = YES;
				GCC_WARN_ABOUT_RETURN_TYPE = YES_ERROR;
				GCC_WARN_UNDECLARED_SELECTOR = YES;
				GCC_WARN_UNINITIALIZED_AUTOS = YES_AGGRESSIVE;
				GCC_WARN_UNUSED_FUNCTION = YES;
				GCC_WARN_UNUSED_VARIABLE = YES;
				MACOSX_DEPLOYMENT_TARGET = 10.11;
				MTL_ENABLE_DEBUG_INFO = YES;
				ONLY_ACTIVE_ARCH = YES;
				SDKROOT = macosx;
			};
			name = Debug;
		};
		91E322801E40D08F007F350D /* Release */ = {
			isa = XCBuildConfiguration;
			buildSettings = {
				ALWAYS_SEARCH_USER_PATHS = NO;
				CLANG_ANALYZER_NONNULL = YES;
				CLANG_CXX_LANGUAGE_STANDARD = "gnu++0x";
				CLANG_CXX_LIBRARY = "libc++";
				CLANG_ENABLE_MODULES = YES;
				CLANG_ENABLE_OBJC_ARC = YES;
				CLANG_WARN_BOOL_CONVERSION = YES;
				CLANG_WARN_CONSTANT_CONVERSION = YES;
				CLANG_WARN_DIRECT_OBJC_ISA_USAGE = YES_ERROR;
				CLANG_WARN_DOCUMENTATION_COMMENTS = YES;
				CLANG_WARN_EMPTY_BODY = YES;
				CLANG_WARN_ENUM_CONVERSION = YES;
				CLANG_WARN_INFINITE_RECURSION = YES;
				CLANG_WARN_INT_CONVERSION = YES;
				CLANG_WARN_OBJC_ROOT_CLASS = YES_ERROR;
				CLANG_WARN_SUSPICIOUS_MOVES = YES;
				CLANG_WARN_UNREACHABLE_CODE = YES;
				CLANG_WARN__DUPLICATE_METHOD_MATCH = YES;
				CODE_SIGN_IDENTITY = "-";
				COPY_PHASE_STRIP = NO;
				DEBUG_INFORMATION_FORMAT = "dwarf-with-dsym";
				ENABLE_NS_ASSERTIONS = NO;
				ENABLE_STRICT_OBJC_MSGSEND = YES;
				GCC_C_LANGUAGE_STANDARD = gnu99;
				GCC_NO_COMMON_BLOCKS = YES;
				GCC_WARN_64_TO_32_BIT_CONVERSION = YES;
				GCC_WARN_ABOUT_RETURN_TYPE = YES_ERROR;
				GCC_WARN_UNDECLARED_SELECTOR = YES;
				GCC_WARN_UNINITIALIZED_AUTOS = YES_AGGRESSIVE;
				GCC_WARN_UNUSED_FUNCTION = YES;
				GCC_WARN_UNUSED_VARIABLE = YES;
				MACOSX_DEPLOYMENT_TARGET = 10.11;
				MTL_ENABLE_DEBUG_INFO = NO;
				SDKROOT = macosx;
			};
			name = Release;
		};
		91E322821E40D08F007F350D /* Debug */ = {
			isa = XCBuildConfiguration;
			buildSettings = {
				PRODUCT_NAME = "$(TARGET_NAME)";
			};
			name = Debug;
		};
		91E322831E40D08F007F350D /* Release */ = {
			isa = XCBuildConfiguration;
			buildSettings = {
				PRODUCT_NAME = "$(TARGET_NAME)";
			};
			name = Release;
		};
/* End XCBuildConfiguration section */

/* Begin XCConfigurationList section */
		91E322751E40D08F007F350D /* Build configuration list for PBXProject "Projet c++ David&Zacharie" */ = {
			isa = XCConfigurationList;
			buildConfigurations = (
				91E3227F1E40D08F007F350D /* Debug */,
				91E322801E40D08F007F350D /* Release */,
			);
			defaultConfigurationIsVisible = 0;
			defaultConfigurationName = Release;
		};
		91E322811E40D08F007F350D /* Build configuration list for PBXNativeTarget "Projet c++ David&Zacharie" */ = {
			isa = XCConfigurationList;
			buildConfigurations = (
				91E322821E40D08F007F350D /* Debug */,
				91E322831E40D08F007F350D /* Release */,
			);
			defaultConfigurationIsVisible = 0;
		};
/* End XCConfigurationList section */
	};
	rootObject = 91E322721E40D08F007F350D /* Project object */;
}
